<?xml version="1.0" encoding="utf-8"?>
<Project ToolsVersion="4.0" xmlns="http://schemas.microsoft.com/developer/msbuild/2003">
  <ItemGroup>
    <Filter Include="driver">
      <UniqueIdentifier>{9fa6150b-a398-41d4-968e-ce1092c172d7}</UniqueIdentifier>
    </Filter>
    <Filter Include="def">
      <UniqueIdentifier>{7e655ad5-2798-45db-b810-6252e62752ba}</UniqueIdentifier>
    </Filter>
    <Filter Include="core">
      <UniqueIdentifier>{ce9d73b5-3345-42f0-89b6-daa25aab0b01}</UniqueIdentifier>
    </Filter>
    <Filter Include="array element">
      <UniqueIdentifier>{39ccf92c-6e65-4cd5-8d34-2cd25b342c6b}</UniqueIdentifier>
    </Filter>
    <Filter Include="mesa headers">
      <UniqueIdentifier>{c0d17d6a-c9bf-4996-b414-06d7079f887f}</UniqueIdentifier>
    </Filter>
    <Filter Include="Resource Files">
      <UniqueIdentifier>{789eabc1-3f2b-4378-982b-5f1a3471ef0c}</UniqueIdentifier>
      <Extensions>ico;cur;bmp;dlg;rc2;rct;bin;rgs;gif;jpg;jpeg;jpe</Extensions>
    </Filter>
    <Filter Include="glad">
      <UniqueIdentifier>{a1b2c3d4-e5f6-7890-abcd-ef1234567890}</UniqueIdentifier>
    </Filter>
    <Filter Include="src\gl46">
      <UniqueIdentifier>{d4c3b2a1-6f5e-0987-dcba-0fedcba98765}</UniqueIdentifier>
    </Filter>
    <Filter Include="mesa\main">
      <UniqueIdentifier>{a1111111-1111-1111-1111-111111111111}</UniqueIdentifier>
    </Filter>
    <Filter Include="mesa\math">
      <UniqueIdentifier>{a2222222-2222-2222-2222-222222222222}</UniqueIdentifier>
    </Filter>
    <Filter Include="mesa\glapi">
      <UniqueIdentifier>{a3333333-3333-3333-3333-333333333333}</UniqueIdentifier>
    </Filter>
    <Filter Include="mesa\tnl">
      <UniqueIdentifier>{a4444444-4444-4444-4444-444444444444}</UniqueIdentifier>
    </Filter>
    <Filter Include="mesa\swrast">
      <UniqueIdentifier>{a5555555-5555-5555-5555-555555555555}</UniqueIdentifier>
    </Filter>
    <Filter Include="mesa\swrast_setup">
      <UniqueIdentifier>{a6666666-6666-6666-6666-666666666666}</UniqueIdentifier>
    </Filter>
    <Filter Include="mesa\array_cache">
      <UniqueIdentifier>{a7777777-7777-7777-7777-777777777777}</UniqueIdentifier>
    </Filter>
  </ItemGroup>
  <ItemGroup>
    <ClCompile Include="src\dx9\gld5_driver.c">
      <Filter>driver</Filter>
    </ClCompile>
    <ClCompile Include="src\dx9\gld5_extensions.c">
      <Filter>driver</Filter>
    </ClCompile>
    <ClCompile Include="src\dx9\gld5_texture.c">
      <Filter>driver</Filter>
    </ClCompile>
    <ClCompile Include="src\dx9\gld5_wgl.c">
      <Filter>driver</Filter>
    </ClCompile>
    <ClCompile Include="src\dx9\gld_dlist.c">
      <Filter>driver</Filter>
    </ClCompile>
    <ClCompile Include="src\dx9\gld_shaders.c">
      <Filter>driver</Filter>
    </ClCompile>
    <ClCompile Include="src\dx9\gld_tnl_dx9.c">
      <Filter>driver</Filter>
    </ClCompile>
    <ClCompile Include="src\dll_main.c">
      <Filter>core</Filter>
    </ClCompile>
    <ClCompile Include="src\gld_context.c">
      <Filter>core</Filter>
    </ClCompile>
    <ClCompile Include="src\gld_driver.c">
      <Filter>core</Filter>
    </ClCompile>
    <ClCompile Include="src\gld_globals.c">
      <Filter>core</Filter>
    </ClCompile>
    <ClCompile Include="src\gld_log.c">
      <Filter>core</Filter>
    </ClCompile>
    <ClCompile Include="src\gld_pf.c">
      <Filter>core</Filter>
    </ClCompile>
    <ClCompile Include="src\gld_wgl.c">
      <Filter>core</Filter>
    </ClCompile>
    <ClCompile Include="src\mesa_proxy.c">
      <Filter>core</Filter>
    </ClCompile>
    <ClCompile Include="src\gl_mesa_forward.c">
      <Filter>core</Filter>
    </ClCompile>
    <ClCompile Include="src\gld_arrayelt.c">
      <Filter>array element</Filter>
    </ClCompile>
    <ClCompile Include="src\glad\src\gl.c">
      <Filter>glad</Filter>
    </ClCompile>
    <ClCompile Include="src\glad\src\wgl.c">
      <Filter>glad</Filter>
    </ClCompile>
    <ClCompile Include="src\gl46\error_handler.c">
      <Filter>src\gl46</Filter>
    </ClCompile>
    <ClCompile Include="src\gl46\context_manager.c">
      <Filter>src\gl46</Filter>
    </ClCompile>
    <ClCompile Include="src\gl46\coordinate_adapter.c">
      <Filter>src\gl46</Filter>
    </ClCompile>
    <ClCompile Include="src\gl46\format_mapper.c">
      <Filter>src\gl46</Filter>
    </ClCompile>
    <ClCompile Include="src\gl46\state_translator.c">
      <Filter>src\gl46</Filter>
    </ClCompile>
    <ClCompile Include="src\gl46\buffer_manager.c">
      <Filter>src\gl46</Filter>
    </ClCompile>
    <ClCompile Include="src\gl46\texture_manager.c">
      <Filter>src\gl46</Filter>
    </ClCompile>
    <ClCompile Include="src\gl46\render_target_manager.c">
      <Filter>src\gl46</Filter>
    </ClCompile>
    <ClCompile Include="src\gl46\shader_translator.c">
      <Filter>src\gl46</Filter>
    </ClCompile>
    <ClCompile Include="src\gl46\shader_uniforms.c">
      <Filter>src\gl46</Filter>
    </ClCompile>
    <ClCompile Include="src\gl46\fixed_function_emulator.c">
      <Filter>src\gl46</Filter>
    </ClCompile>
    <ClCompile Include="src\gl46\immediate_mode_emulator.c">
      <Filter>src\gl46</Filter>
    </ClCompile>
    <ClCompile Include="src\gl46\display_list_emulator.c">
      <Filter>src\gl46</Filter>
    </ClCompile>
    <ClCompile Include="src\gl46\swap_chain.c">
      <Filter>src\gl46</Filter>
    </ClCompile>
    <ClCompile Include="src\gl46\pixel_format_provider.c">
      <Filter>src\gl46</Filter>
    </ClCompile>
    <ClCompile Include="src\gl46\dx9_dispatch.c">
      <Filter>src\gl46</Filter>
    </ClCompile>
    <ClCompile Include="src\gl46\gl46_driver.c">
      <Filter>src\gl46</Filter>
    </ClCompile>
    <ClCompile Include="src\gl46\gl_state.c">
      <Filter>src\gl46</Filter>
    </ClCompile>
    <ClCompile Include="src\gl46\gl_impl.c">
      <Filter>src\gl46</Filter>
    </ClCompile>
    <ClCompile Include="src\mesa_compat.c">
      <Filter>core</Filter>
    </ClCompile>
    <ClCompile Include="src\gl_legacy_stubs.c">
      <Filter>core</Filter>
    </ClCompile>
    <ClCompile Include="mesa\src\mesa\main\accum.c">
      <Filter>mesa\main</Filter>
    </ClCompile>
    <ClCompile Include="mesa\src\mesa\main\api_arrayelt.c">
      <Filter>mesa\main</Filter>
    </ClCompile>
    <ClCompile Include="mesa\src\mesa\main\api_loopback.c">
      <Filter>mesa\main</Filter>
    </ClCompile>
    <ClCompile Include="mesa\src\mesa\main\api_noop.c">
      <Filter>mesa\main</Filter>
    </ClCompile>
    <ClCompile Include="mesa\src\mesa\main\api_validate.c">
      <Filter>mesa\main</Filter>
    </ClCompile>
    <ClCompile Include="mesa\src\mesa\main\attrib.c">
      <Filter>mesa\main</Filter>
    </ClCompile>
    <ClCompile Include="mesa\src\mesa\main\blend.c">
      <Filter>mesa\main</Filter>
    </ClCompile>
    <ClCompile Include="mesa\src\mesa\main\bufferobj.c">
      <Filter>mesa\main</Filter>
    </ClCompile>
    <ClCompile Include="mesa\src\mesa\main\buffers.c">
      <Filter>mesa\main</Filter>
    </ClCompile>
    <ClCompile Include="mesa\src\mesa\main\clip.c">
      <Filter>mesa\main</Filter>
    </ClCompile>
    <ClCompile Include="mesa\src\mesa\main\colortab.c">
      <Filter>mesa\main</Filter>
    </ClCompile>
    <ClCompile Include="mesa\src\mesa\main\context.c">
      <Filter>mesa\main</Filter>
    </ClCompile>
    <ClCompile Include="mesa\src\mesa\main\convolve.c">
      <Filter>mesa\main</Filter>
    </ClCompile>
    <ClCompile Include="mesa\src\mesa\main\debug.c">
      <Filter>mesa\main</Filter>
    </ClCompile>
    <ClCompile Include="mesa\src\mesa\main\depth.c">
      <Filter>mesa\main</Filter>
    </ClCompile>
    <ClCompile Include="mesa\src\mesa\main\dispatch.c">
      <Filter>mesa\main</Filter>
    </ClCompile>
    <ClCompile Include="mesa\src\mesa\main\dlist.c">
      <Filter>mesa\main</Filter>
    </ClCompile>
    <ClCompile Include="mesa\src\mesa\main\drawpix.c">
      <Filter>mesa\main</Filter>
    </ClCompile>
    <ClCompile Include="mesa\src\mesa\main\enable.c">
      <Filter>mesa\main</Filter>
    </ClCompile>
    <ClCompile Include="mesa\src\mesa\main\enums.c">
      <Filter>mesa\main</Filter>
    </ClCompile>
    <ClCompile Include="mesa\src\mesa\main\eval.c">
      <Filter>mesa\main</Filter>
    </ClCompile>
    <ClCompile Include="mesa\src\mesa\main\extensions.c">
      <Filter>mesa\main</Filter>
    </ClCompile>
    <ClCompile Include="mesa\src\mesa\main\feedback.c">
      <Filter>mesa\main</Filter>
    </ClCompile>
    <ClCompile Include="mesa\src\mesa\main\fog.c">
      <Filter>mesa\main</Filter>
    </ClCompile>
    <ClCompile Include="mesa\src\mesa\main\get.c">
      <Filter>mesa\main</Filter>
    </ClCompile>
    <ClCompile Include="mesa\src\mesa\main\hash.c">
      <Filter>mesa\main</Filter>
    </ClCompile>
    <ClCompile Include="mesa\src\mesa\main\hint.c">
      <Filter>mesa\main</Filter>
    </ClCompile>
    <ClCompile Include="mesa\src\mesa\main\histogram.c">
      <Filter>mesa\main</Filter>
    </ClCompile>
    <ClCompile Include="mesa\src\mesa\main\image.c">
      <Filter>mesa\main</Filter>
    </ClCompile>
    <ClCompile Include="mesa\src\mesa\main\imports.c">
      <Filter>mesa\main</Filter>
    </ClCompile>
    <ClCompile Include="mesa\src\mesa\main\light.c">
      <Filter>mesa\main</Filter>
    </ClCompile>
    <ClCompile Include="mesa\src\mesa\main\lines.c">
      <Filter>mesa\main</Filter>
    </ClCompile>
    <ClCompile Include="mesa\src\mesa\main\matrix.c">
      <Filter>mesa\main</Filter>
    </ClCompile>
    <ClCompile Include="mesa\src\mesa\main\occlude.c">
      <Filter>mesa\main</Filter>
    </ClCompile>
    <ClCompile Include="mesa\src\mesa\main\pixel.c">
      <Filter>mesa\main</Filter>
    </ClCompile>
    <ClCompile Include="mesa\src\mesa\main\points.c">
      <Filter>mesa\main</Filter>
    </ClCompile>
    <ClCompile Include="mesa\src\mesa\main\polygon.c">
      <Filter>mesa\main</Filter>
    </ClCompile>
    <ClCompile Include="mesa\src\mesa\main\program.c">
      <Filter>mesa\main</Filter>
    </ClCompile>
    <ClCompile Include="mesa\src\mesa\main\rastpos.c">
      <Filter>mesa\main</Filter>
    </ClCompile>
    <ClCompile Include="mesa\src\mesa\main\state.c">
      <Filter>mesa\main</Filter>
    </ClCompile>
    <ClCompile Include="mesa\src\mesa\main\stencil.c">
      <Filter>mesa\main</Filter>
    </ClCompile>
    <ClCompile Include="mesa\src\mesa\main\texcompress.c">
      <Filter>mesa\main</Filter>
    </ClCompile>
    <ClCompile Include="mesa\src\mesa\main\texformat.c">
      <Filter>mesa\main</Filter>
    </ClCompile>
    <ClCompile Include="mesa\src\mesa\main\teximage.c">
      <Filter>mesa\main</Filter>
    </ClCompile>
    <ClCompile Include="mesa\src\mesa\main\texobj.c">
      <Filter>mesa\main</Filter>
    </ClCompile>
    <ClCompile Include="mesa\src\mesa\main\texstate.c">
      <Filter>mesa\main</Filter>
    </ClCompile>
    <ClCompile Include="mesa\src\mesa\main\texstore.c">
      <Filter>mesa\main</Filter>
    </ClCompile>
    <ClCompile Include="mesa\src\mesa\main\texutil.c">
      <Filter>mesa\main</Filter>
    </ClCompile>
    <ClCompile Include="mesa\src\mesa\main\varray.c">
      <Filter>mesa\main</Filter>
    </ClCompile>
    <ClCompile Include="mesa\src\mesa\main\vtxfmt.c">
      <Filter>mesa\main</Filter>
    </ClCompile>
    <ClCompile Include="mesa\src\mesa\math\m_eval.c">
      <Filter>mesa\math</Filter>
    </ClCompile>
    <ClCompile Include="mesa\src\mesa\math\m_matrix.c">
      <Filter>mesa\math</Filter>
    </ClCompile>
    <ClCompile Include="mesa\src\mesa\math\m_translate.c">
      <Filter>mesa\math</Filter>
    </ClCompile>
    <ClCompile Include="mesa\src\mesa\math\m_vector.c">
      <Filter>mesa\math</Filter>
    </ClCompile>
    <ClCompile Include="mesa\src\mesa\math\m_xform.c">
      <Filter>mesa\math</Filter>
    </ClCompile>
    <ClCompile Include="mesa\src\mesa\glapi\glapi.c">
      <Filter>mesa\glapi</Filter>
    </ClCompile>
    <ClCompile Include="mesa\src\mesa\glapi\glthread.c">
      <Filter>mesa\glapi</Filter>
    </ClCompile>
    <ClCompile Include="mesa\src\mesa\array_cache\ac_context.c">
      <Filter>mesa\array_cache</Filter>
    </ClCompile>
    <ClCompile Include="mesa\src\mesa\array_cache\ac_import.c">
      <Filter>mesa\array_cache</Filter>
    </ClCompile>
    <ClCompile Include="mesa\src\mesa\tnl\t_array_api.c">
      <Filter>mesa\tnl</Filter>
    </ClCompile>
    <ClCompile Include="mesa\src\mesa\tnl\t_array_import.c">
      <Filter>mesa\tnl</Filter>
    </ClCompile>
    <ClCompile Include="mesa\src\mesa\tnl\t_context.c">
      <Filter>mesa\tnl</Filter>
    </ClCompile>
    <ClCompile Include="mesa\src\mesa\tnl\t_pipeline.c">
      <Filter>mesa\tnl</Filter>
    </ClCompile>
    <ClCompile Include="mesa\src\mesa\tnl\t_save_api.c">
      <Filter>mesa\tnl</Filter>
    </ClCompile>
    <ClCompile Include="mesa\src\mesa\tnl\t_save_loopback.c">
      <Filter>mesa\tnl</Filter>
    </ClCompile>
    <ClCompile Include="mesa\src\mesa\tnl\t_save_playback.c">
      <Filter>mesa\tnl</Filter>
    </ClCompile>
    <ClCompile Include="mesa\src\mesa\tnl\t_vb_fog.c">
      <Filter>mesa\tnl</Filter>
    </ClCompile>
    <ClCompile Include="mesa\src\mesa\tnl\t_vb_light.c">
      <Filter>mesa\tnl</Filter>
    </ClCompile>
    <ClCompile Include="mesa\src\mesa\tnl\t_vb_normals.c">
      <Filter>mesa\tnl</Filter>
    </ClCompile>
    <ClCompile Include="mesa\src\mesa\tnl\t_vb_points.c">
      <Filter>mesa\tnl</Filter>
    </ClCompile>
    <ClCompile Include="mesa\src\mesa\tnl\t_vb_program.c">
      <Filter>mesa\tnl</Filter>
    </ClCompile>
    <ClCompile Include="mesa\src\mesa\tnl\t_vb_render.c">
      <Filter>mesa\tnl</Filter>
    </ClCompile>
    <ClCompile Include="mesa\src\mesa\tnl\t_vb_texgen.c">
      <Filter>mesa\tnl</Filter>
    </ClCompile>
    <ClCompile Include="mesa\src\mesa\tnl\t_vb_texmat.c">
      <Filter>mesa\tnl</Filter>
    </ClCompile>
    <ClCompile Include="mesa\src\mesa\tnl\t_vb_vertex.c">
      <Filter>mesa\tnl</Filter>
    </ClCompile>
    <ClCompile Include="mesa\src\mesa\tnl\t_vertex.c">
      <Filter>mesa\tnl</Filter>
    </ClCompile>
    <ClCompile Include="mesa\src\mesa\tnl\t_vtx_api.c">
      <Filter>mesa\tnl</Filter>
    </ClCompile>
    <ClCompile Include="mesa\src\mesa\tnl\t_vtx_eval.c">
      <Filter>mesa\tnl</Filter>
    </ClCompile>
    <ClCompile Include="mesa\src\mesa\tnl\t_vtx_exec.c">
      <Filter>mesa\tnl</Filter>
    </ClCompile>
    <ClCompile Include="mesa\src\mesa\swrast\s_aaline.c">
      <Filter>mesa\swrast</Filter>
    </ClCompile>
    <ClCompile Include="mesa\src\mesa\swrast\s_aatriangle.c">
      <Filter>mesa\swrast</Filter>
    </ClCompile>
    <ClCompile Include="mesa\src\mesa\swrast\s_accum.c">
      <Filter>mesa\swrast</Filter>
    </ClCompile>
    <ClCompile Include="mesa\src\mesa\swrast\s_alpha.c">
      <Filter>mesa\swrast</Filter>
    </ClCompile>
    <ClCompile Include="mesa\src\mesa\swrast\s_alphabuf.c">
      <Filter>mesa\swrast</Filter>
    </ClCompile>
    <ClCompile Include="mesa\src\mesa\swrast\s_bitmap.c">
      <Filter>mesa\swrast</Filter>
    </ClCompile>
    <ClCompile Include="mesa\src\mesa\swrast\s_blend.c">
      <Filter>mesa\swrast</Filter>
    </ClCompile>
    <ClCompile Include="mesa\src\mesa\swrast\s_buffers.c">
      <Filter>mesa\swrast</Filter>
    </ClCompile>
    <ClCompile Include="mesa\src\mesa\swrast\s_context.c">
      <Filter>mesa\swrast</Filter>
    </ClCompile>
    <ClCompile Include="mesa\src\mesa\swrast\s_copypix.c">
      <Filter>mesa\swrast</Filter>
    </ClCompile>
    <ClCompile Include="mesa\src\mesa\swrast\s_depth.c">
      <Filter>mesa\swrast</Filter>
    </ClCompile>
    <ClCompile Include="mesa\src\mesa\swrast\s_drawpix.c">
      <Filter>mesa\swrast</Filter>
    </ClCompile>
    <ClCompile Include="mesa\src\mesa\swrast\s_feedback.c">
      <Filter>mesa\swrast</Filter>
    </ClCompile>
    <ClCompile Include="mesa\src\mesa\swrast\s_fog.c">
      <Filter>mesa\swrast</Filter>
    </ClCompile>
    <ClCompile Include="mesa\src\mesa\swrast\s_imaging.c">
      <Filter>mesa\swrast</Filter>
    </ClCompile>
    <ClCompile Include="mesa\src\mesa\swrast\s_lines.c">
      <Filter>mesa\swrast</Filter>
    </ClCompile>
    <ClCompile Include="mesa\src\mesa\swrast\s_logic.c">
      <Filter>mesa\swrast</Filter>
    </ClCompile>
    <ClCompile Include="mesa\src\mesa\swrast\s_masking.c">
      <Filter>mesa\swrast</Filter>
    </ClCompile>
    <ClCompile Include="mesa\src\mesa\swrast\s_nvfragprog.c">
      <Filter>mesa\swrast</Filter>
    </ClCompile>
    <ClCompile Include="mesa\src\mesa\swrast\s_pixeltex.c">
      <Filter>mesa\swrast</Filter>
    </ClCompile>
    <ClCompile Include="mesa\src\mesa\swrast\s_points.c">
      <Filter>mesa\swrast</Filter>
    </ClCompile>
    <ClCompile Include="mesa\src\mesa\swrast\s_readpix.c">
      <Filter>mesa\swrast</Filter>
    </ClCompile>
    <ClCompile Include="mesa\src\mesa\swrast\s_span.c">
      <Filter>mesa\swrast</Filter>
    </ClCompile>
    <ClCompile Include="mesa\src\mesa\swrast\s_stencil.c">
      <Filter>mesa\swrast</Filter>
    </ClCompile>
    <ClCompile Include="mesa\src\mesa\swrast\s_texstore.c">
      <Filter>mesa\swrast</Filter>
    </ClCompile>
    <ClCompile Include="mesa\src\mesa\swrast\s_texture.c">
      <Filter>mesa\swrast</Filter>
    </ClCompile>
    <ClCompile Include="mesa\src\mesa\swrast\s_triangle.c">
      <Filter>mesa\swrast</Filter>
    </ClCompile>
    <ClCompile Include="mesa\src\mesa\swrast\s_zoom.c">
      <Filter>mesa\swrast</Filter>
    </ClCompile>
    <ClCompile Include="mesa\src\mesa\swrast_setup\ss_context.c">
      <Filter>mesa\swrast_setup</Filter>
    </ClCompile>
    <ClCompile Include="mesa\src\mesa\swrast_setup\ss_triangle.c">
      <Filter>mesa\swrast_setup</Filter>
    </ClCompile>
  </ItemGroup>
  <ItemGroup>
    <ClInclude Include="src\dx9\gld_dxerr9.h">
      <Filter>driver</Filter>
    </ClInclude>
    <ClInclude Include="src\dx9\gldirect5.h">
      <Filter>driver</Filter>
    </ClInclude>
    <ClInclude Include="src\dll_main.h">
      <Filter>core</Filter>
    </ClInclude>
    <ClInclude Include="src\gld_api.h">
      <Filter>core</Filter>
    </ClInclude>
    <ClInclude Include="src\gld_context.h">
      <Filter>core</Filter>
    </ClInclude>
    <ClInclude Include="src\gld_driver.h">
      <Filter>core</Filter>
    </ClInclude>
    <ClInclude Include="src\gld_globals.h">
      <Filter>core</Filter>
    </ClInclude>
    <ClInclude Include="src\gld_log.h">
      <Filter>core</Filter>
    </ClInclude>
    <ClInclude Include="src\gld_macros.h">
      <Filter>core</Filter>
    </ClInclude>
    <ClInclude Include="src\gld_pf.h">
      <Filter>core</Filter>
    </ClInclude>
    <ClInclude Include="src\gld_wgl.h">
      <Filter>core</Filter>
    </ClInclude>
    <ClInclude Include="src\glu.h">
      <Filter>core</Filter>
    </ClInclude>
    <ClInclude Include="src\gld_arrayelt.h">
      <Filter>array element</Filter>
    </ClInclude>
    <ClInclude Include="mesa\src\mesa\main\api_arrayelt.h">
      <Filter>mesa headers</Filter>
    </ClInclude>
    <ClInclude Include="mesa\src\mesa\main\api_noop.h">
      <Filter>mesa headers</Filter>
    </ClInclude>
    <ClInclude Include="mesa\src\mesa\main\colormac.h">
      <Filter>mesa headers</Filter>
    </ClInclude>
    <ClInclude Include="mesa\src\mesa\x86\common_x86_asm.h">
      <Filter>mesa headers</Filter>
    </ClInclude>
    <ClInclude Include="mesa\src\mesa\x86\common_x86_features.h">
      <Filter>mesa headers</Filter>
    </ClInclude>
    <ClInclude Include="mesa\src\mesa\main\config.h">
      <Filter>mesa headers</Filter>
    </ClInclude>
    <ClInclude Include="mesa\src\mesa\main\context.h">
      <Filter>mesa headers</Filter>
    </ClInclude>
    <ClInclude Include="mesa\src\mesa\main\dd.h">
      <Filter>mesa headers</Filter>
    </ClInclude>
    <ClInclude Include="mesa\src\mesa\main\depth.h">
      <Filter>mesa headers</Filter>
    </ClInclude>
    <ClInclude Include="mesa\src\mesa\main\dlist.h">
      <Filter>mesa headers</Filter>
    </ClInclude>
    <ClInclude Include="mesa\src\mesa\main\drawpix.h">
      <Filter>mesa headers</Filter>
    </ClInclude>
    <ClInclude Include="mesa\src\mesa\main\extensions.h">
      <Filter>mesa headers</Filter>
    </ClInclude>
    <ClInclude Include="mesa\src\mesa\main\get.h">
      <Filter>mesa headers</Filter>
    </ClInclude>
    <ClInclude Include="mesa\src\mesa\glapi\glapi.h">
      <Filter>mesa headers</Filter>
    </ClInclude>
    <ClInclude Include="mesa\src\mesa\glapi\glapitable.h">
      <Filter>mesa headers</Filter>
    </ClInclude>
    <ClInclude Include="mesa\include\GL\internal\glcore.h">
      <Filter>mesa headers</Filter>
    </ClInclude>
    <ClInclude Include="mesa\include\GL\glext.h">
      <Filter>mesa headers</Filter>
    </ClInclude>
    <ClInclude Include="mesa\src\mesa\main\glheader.h">
      <Filter>mesa headers</Filter>
    </ClInclude>
    <ClInclude Include="mesa\src\mesa\glapi\glthread.h">
      <Filter>mesa headers</Filter>
    </ClInclude>
    <ClInclude Include="mesa\src\mesa\main\image.h">
      <Filter>mesa headers</Filter>
    </ClInclude>
    <ClInclude Include="mesa\src\mesa\main\imports.h">
      <Filter>mesa headers</Filter>
    </ClInclude>
    <ClInclude Include="mesa\src\mesa\math\m_matrix.h">
      <Filter>mesa headers</Filter>
    </ClInclude>
    <ClInclude Include="mesa\src\mesa\main\macros.h">
      <Filter>mesa headers</Filter>
    </ClInclude>
    <ClInclude Include="mesa\src\mesa\main\matrix.h">
      <Filter>mesa headers</Filter>
    </ClInclude>
    <ClInclude Include="mesa\include\GL\mesa_wgl.h">
      <Filter>mesa headers</Filter>
    </ClInclude>
    <ClInclude Include="mesa\src\mesa\main\mtypes.h">
      <Filter>mesa headers</Filter>
    </ClInclude>
    <ClInclude Include="mesa\src\mesa\main\state.h">
      <Filter>mesa headers</Filter>
    </ClInclude>
    <ClInclude Include="mesa\src\mesa\main\texformat.h">
      <Filter>mesa headers</Filter>
    </ClInclude>
    <ClInclude Include="mesa\src\mesa\main\teximage.h">
      <Filter>mesa headers</Filter>
    </ClInclude>
    <ClInclude Include="mesa\src\mesa\main\texstore.h">
      <Filter>mesa headers</Filter>
    </ClInclude>
    <ClInclude Include="mesa\src\mesa\main\vtxfmt.h">
      <Filter>mesa headers</Filter>
    </ClInclude>
    <ClInclude Include="src\gl46\error_handler.h">
      <Filter>src\gl46</Filter>
    </ClInclude>
    <ClInclude Include="src\gl46\context_manager.h">
      <Filter>src\gl46</Filter>
    </ClInclude>
    <ClInclude Include="src\gl46\coordinate_adapter.h">
      <Filter>src\gl46</Filter>
    </ClInclude>
    <ClInclude Include="src\gl46\format_mapper.h">
      <Filter>src\gl46</Filter>
    </ClInclude>
    <ClInclude Include="src\gl46\state_translator.h">
      <Filter>src\gl46</Filter>
    </ClInclude>
    <ClInclude Include="src\gl46\buffer_manager.h">
      <Filter>src\gl46</Filter>
    </ClInclude>
    <ClInclude Include="src\gl46\texture_manager.h">
      <Filter>src\gl46</Filter>
    </ClInclude>
    <ClInclude Include="src\gl46\render_target_manager.h">
      <Filter>src\gl46</Filter>
    </ClInclude>
    <ClInclude Include="src\gl46\shader_translator.h">
      <Filter>src\gl46</Filter>
    </ClInclude>
    <ClInclude Include="src\gl46\shader_uniforms.h">
      <Filter>src\gl46</Filter>
    </ClInclude>
    <ClInclude Include="src\gl46\fixed_function_emulator.h">
      <Filter>src\gl46</Filter>
    </ClInclude>
    <ClInclude Include="src\gl46\immediate_mode_emulator.h">
      <Filter>src\gl46</Filter>
    </ClInclude>
    <ClInclude Include="src\gl46\display_list_emulator.h">
      <Filter>src\gl46</Filter>
    </ClInclude>
    <ClInclude Include="src\gl46\swap_chain.h">
      <Filter>src\gl46</Filter>
    </ClInclude>
    <ClInclude Include="src\gl46\pixel_format_provider.h">
      <Filter>src\gl46</Filter>
    </ClInclude>
    <ClInclude Include="src\gl46\dx9_dispatch.h">
      <Filter>src\gl46</Filter>
    </ClInclude>
    <ClInclude Include="src\gl46\gl46_driver.h">
      <Filter>src\gl46</Filter>
    </ClInclude>
    <ClInclude Include="src\gl46\gl_state.h">
      <Filter>src\gl46</Filter>
    </ClInclude>
    <ClInclude Include="src\gl46\gl_impl.h">
      <Filter>src\gl46</Filter>
    </ClInclude>
    <ClInclude Include="src\mesa_compat.h">
      <Filter>core</Filter>
    </ClInclude>
    <ClInclude Include="src\mesa_proxy.h">
      <Filter>core</Filter>
    </ClInclude>
  </ItemGroup>
  <ItemGroup>
    <None Include="opengl32.def">
      <Filter>def</Filter>
    </None>
  </ItemGroup>
</Project>